
Microsoft Visual Studio Solution File, Format Version 12.00
# Visual Studio Version 16
VisualStudioVersion = 16.0.31729.503
MinimumVisualStudioVersion = 10.0.40219.1
Project("{8BC9CEB8-8B4A-11D0-8D11-00A0C91BC942}") = "FluidX3D", "FluidX3D.vcxproj", "{0ED9A517-40B5-43E1-95F5-A78F6D72B1E5}"
EndProject
Global
	GlobalSection(SolutionConfigurationPlatforms) = preSolution
		Release|x64 = Release|x64
	EndGlobalSection
	GlobalSection(ProjectConfigurationPlatforms) = postSolution
		{0ED9A517-40B5-43E1-95F5-A78F6D72B1E5}.Release|x64.ActiveCfg = Release|x64
		{0ED9A517-40B5-43E1-95F5-A78F6D72B1E5}.Release|x64.Build.0 = Release|x64
	EndGlobalSection
	GlobalSection(SolutionProperties) = preSolution
		HideSolutionNode = FALSE
	EndGlobalSection
	GlobalSection(ExtensibilityGlobals) = postSolution
		SolutionGuid = {290665AA-63A3-4947-AAB0-553598640211}
	EndGlobalSection
EndGlobal
